// !$*UTF8*$!
{
	archiveVersion = 1;
	classes = {
	};
	objectVersion = 56;
	objects = {

/* Begin PBXBuildFile section */
		D0FFA0452A6860640088F8A8 /* MovieApp.swift in Sources */ = {isa = PBXBuildFile; fileRef = D0FFA0442A6860640088F8A8 /* MovieApp.swift */; };
		D0FFA0492A6860650088F8A8 /* Assets.xcassets in Resources */ = {isa = PBXBuildFile; fileRef = D0FFA0482A6860650088F8A8 /* Assets.xcassets */; };
		D0FFA04C2A6860650088F8A8 /* Preview Assets.xcassets in Resources */ = {isa = PBXBuildFile; fileRef = D0FFA04B2A6860650088F8A8 /* Preview Assets.xcassets */; };
		D0FFA0562A6860650088F8A8 /* MovieAppTests.swift in Sources */ = {isa = PBXBuildFile; fileRef = D0FFA0552A6860650088F8A8 /* MovieAppTests.swift */; };
		D0FFA06F2A6874520088F8A8 /* Movie.swift in Sources */ = {isa = PBXBuildFile; fileRef = D0FFA06E2A6874520088F8A8 /* Movie.swift */; };
		D0FFA0722A6881970088F8A8 /* MovieProvider.swift in Sources */ = {isa = PBXBuildFile; fileRef = D0FFA0712A6881970088F8A8 /* MovieProvider.swift */; };
		D0FFA0742A6881E70088F8A8 /* JSONMovieProvider.swift in Sources */ = {isa = PBXBuildFile; fileRef = D0FFA0732A6881E70088F8A8 /* JSONMovieProvider.swift */; };
		D0FFA07A2A6891EA0088F8A8 /* MovieRow.swift in Sources */ = {isa = PBXBuildFile; fileRef = D0FFA0792A6891EA0088F8A8 /* MovieRow.swift */; };
		D0FFA07C2A6897260088F8A8 /* MovieListView.swift in Sources */ = {isa = PBXBuildFile; fileRef = D0FFA07B2A6897260088F8A8 /* MovieListView.swift */; };
		D0FFA07E2A68A5500088F8A8 /* MovieDetailView.swift in Sources */ = {isa = PBXBuildFile; fileRef = D0FFA07D2A68A5500088F8A8 /* MovieDetailView.swift */; };
/* End PBXBuildFile section */

/* Begin PBXContainerItemProxy section */
		D0FFA0522A6860650088F8A8 /* PBXContainerItemProxy */ = {
			isa = PBXContainerItemProxy;
			containerPortal = D0FFA0392A6860640088F8A8 /* Project object */;
			proxyType = 1;
			remoteGlobalIDString = D0FFA0402A6860640088F8A8;
			remoteInfo = MovieApp;
		};
/* End PBXContainerItemProxy section */

/* Begin PBXFileReference section */
		D0FFA0412A6860640088F8A8 /* MovieApp.app */ = {isa = PBXFileReference; explicitFileType = wrapper.application; includeInIndex = 0; path = MovieApp.app; sourceTree = BUILT_PRODUCTS_DIR; };
		D0FFA0442A6860640088F8A8 /* MovieApp.swift */ = {isa = PBXFileReference; lastKnownFileType = sourcecode.swift; path = MovieApp.swift; sourceTree = "<group>"; };
		D0FFA0482A6860650088F8A8 /* Assets.xcassets */ = {isa = PBXFileReference; lastKnownFileType = folder.assetcatalog; path = Assets.xcassets; sourceTree = "<group>"; };
		D0FFA04B2A6860650088F8A8 /* Preview Assets.xcassets */ = {isa = PBXFileReference; lastKnownFileType = folder.assetcatalog; path = "Preview Assets.xcassets"; sourceTree = "<group>"; };
		D0FFA0512A6860650088F8A8 /* MovieAppTests.xctest */ = {isa = PBXFileReference; explicitFileType = wrapper.cfbundle; includeInIndex = 0; path = MovieAppTests.xctest; sourceTree = BUILT_PRODUCTS_DIR; };
		D0FFA0552A6860650088F8A8 /* MovieAppTests.swift */ = {isa = PBXFileReference; lastKnownFileType = sourcecode.swift; path = MovieAppTests.swift; sourceTree = "<group>"; };
		D0FFA06E2A6874520088F8A8 /* Movie.swift */ = {isa = PBXFileReference; lastKnownFileType = sourcecode.swift; path = Movie.swift; sourceTree = "<group>"; };
		D0FFA0712A6881970088F8A8 /* MovieProvider.swift */ = {isa = PBXFileReference; lastKnownFileType = sourcecode.swift; path = MovieProvider.swift; sourceTree = "<group>"; };
		D0FFA0732A6881E70088F8A8 /* JSONMovieProvider.swift */ = {isa = PBXFileReference; lastKnownFileType = sourcecode.swift; path = JSONMovieProvider.swift; sourceTree = "<group>"; };
		D0FFA0792A6891EA0088F8A8 /* MovieRow.swift */ = {isa = PBXFileReference; lastKnownFileType = sourcecode.swift; path = MovieRow.swift; sourceTree = "<group>"; };
		D0FFA07B2A6897260088F8A8 /* MovieListView.swift */ = {isa = PBXFileReference; lastKnownFileType = sourcecode.swift; path = MovieListView.swift; sourceTree = "<group>"; };
		D0FFA07D2A68A5500088F8A8 /* MovieDetailView.swift */ = {isa = PBXFileReference; lastKnownFileType = sourcecode.swift; path = MovieDetailView.swift; sourceTree = "<group>"; };
/* End PBXFileReference section */

/* Begin PBXFrameworksBuildPhase section */
		D0FFA03E2A6860640088F8A8 /* Frameworks */ = {
			isa = PBXFrameworksBuildPhase;
			buildActionMask = 2147483647;
			files = (
			);
			runOnlyForDeploymentPostprocessing = 0;
		};
		D0FFA04E2A6860650088F8A8 /* Frameworks */ = {
			isa = PBXFrameworksBuildPhase;
			buildActionMask = 2147483647;
			files = (
			);
			runOnlyForDeploymentPostprocessing = 0;
		};
/* End PBXFrameworksBuildPhase section */

/* Begin PBXGroup section */
		D0FFA0382A6860640088F8A8 = {
			isa = PBXGroup;
			children = (
				D0FFA0432A6860640088F8A8 /* MovieApp */,
				D0FFA0542A6860650088F8A8 /* MovieAppTests */,
				D0FFA0422A6860640088F8A8 /* Products */,
			);
			sourceTree = "<group>";
		};
		D0FFA0422A6860640088F8A8 /* Products */ = {
			isa = PBXGroup;
			children = (
				D0FFA0412A6860640088F8A8 /* MovieApp.app */,
				D0FFA0512A6860650088F8A8 /* MovieAppTests.xctest */,
			);
			name = Products;
			sourceTree = "<group>";
		};
		D0FFA0432A6860640088F8A8 /* MovieApp */ = {
			isa = PBXGroup;
			children = (
				D0FFA0782A6891DD0088F8A8 /* Views */,
				D0FFA0752A68911E0088F8A8 /* Model */,
				D0FFA0702A68818D0088F8A8 /* MovieProvider */,
				D0FFA0442A6860640088F8A8 /* MovieApp.swift */,
				D0FFA0482A6860650088F8A8 /* Assets.xcassets */,
				D0FFA04A2A6860650088F8A8 /* Preview Content */,
			);
			path = MovieApp;
			sourceTree = "<group>";
		};
		D0FFA04A2A6860650088F8A8 /* Preview Content */ = {
			isa = PBXGroup;
			children = (
				D0FFA04B2A6860650088F8A8 /* Preview Assets.xcassets */,
			);
			path = "Preview Content";
			sourceTree = "<group>";
		};
		D0FFA0542A6860650088F8A8 /* MovieAppTests */ = {
			isa = PBXGroup;
			children = (
				D0FFA0552A6860650088F8A8 /* MovieAppTests.swift */,
			);
			path = MovieAppTests;
			sourceTree = "<group>";
		};
		D0FFA0702A68818D0088F8A8 /* MovieProvider */ = {
			isa = PBXGroup;
			children = (
				D0FFA0712A6881970088F8A8 /* MovieProvider.swift */,
				D0FFA0732A6881E70088F8A8 /* JSONMovieProvider.swift */,
			);
			path = MovieProvider;
			sourceTree = "<group>";
		};
		D0FFA0752A68911E0088F8A8 /* Model */ = {
			isa = PBXGroup;
			children = (
				D0FFA06E2A6874520088F8A8 /* Movie.swift */,
			);
			path = Model;
			sourceTree = "<group>";
		};
		D0FFA0782A6891DD0088F8A8 /* Views */ = {
			isa = PBXGroup;
			children = (
				D0FFA07D2A68A5500088F8A8 /* MovieDetailView.swift */,
				D0FFA07B2A6897260088F8A8 /* MovieListView.swift */,
				D0FFA0792A6891EA0088F8A8 /* MovieRow.swift */,
			);
			path = Views;
			sourceTree = "<group>";
		};
/* End PBXGroup section */

/* Begin PBXNativeTarget section */
		D0FFA0402A6860640088F8A8 /* MovieApp */ = {
			isa = PBXNativeTarget;
			buildConfigurationList = D0FFA0652A6860650088F8A8 /* Build configuration list for PBXNativeTarget "MovieApp" */;
			buildPhases = (
				D0FFA03D2A6860640088F8A8 /* Sources */,
				D0FFA03E2A6860640088F8A8 /* Frameworks */,
				D0FFA03F2A6860640088F8A8 /* Resources */,
			);
			buildRules = (
			);
			dependencies = (
			);
			name = MovieApp;
			productName = MovieApp;
			productReference = D0FFA0412A6860640088F8A8 /* MovieApp.app */;
			productType = "com.apple.product-type.application";
		};
		D0FFA0502A6860650088F8A8 /* MovieAppTests */ = {
			isa = PBXNativeTarget;
			buildConfigurationList = D0FFA0682A6860650088F8A8 /* Build configuration list for PBXNativeTarget "MovieAppTests" */;
			buildPhases = (
				D0FFA04D2A6860650088F8A8 /* Sources */,
				D0FFA04E2A6860650088F8A8 /* Frameworks */,
				D0FFA04F2A6860650088F8A8 /* Resources */,
			);
			buildRules = (
			);
			dependencies = (
				D0FFA0532A6860650088F8A8 /* PBXTargetDependency */,
			);
			name = MovieAppTests;
			productName = MovieAppTests;
			productReference = D0FFA0512A6860650088F8A8 /* MovieAppTests.xctest */;
			productType = "com.apple.product-type.bundle.unit-test";
		};
/* End PBXNativeTarget section */

/* Begin PBXProject section */
		D0FFA0392A6860640088F8A8 /* Project object */ = {
			isa = PBXProject;
			attributes = {
				BuildIndependentTargetsInParallel = 1;
				LastSwiftUpdateCheck = 1430;
				LastUpgradeCheck = 1430;
				TargetAttributes = {
					D0FFA0402A6860640088F8A8 = {
						CreatedOnToolsVersion = 14.3.1;
					};
					D0FFA0502A6860650088F8A8 = {
						CreatedOnToolsVersion = 14.3.1;
						TestTargetID = D0FFA0402A6860640088F8A8;
					};
				};
			};
			buildConfigurationList = D0FFA03C2A6860640088F8A8 /* Build configuration list for PBXProject "MovieApp" */;
			compatibilityVersion = "Xcode 14.0";
			developmentRegion = en;
			hasScannedForEncodings = 0;
			knownRegions = (
				en,
				Base,
			);
			mainGroup = D0FFA0382A6860640088F8A8;
			productRefGroup = D0FFA0422A6860640088F8A8 /* Products */;
			projectDirPath = "";
			projectRoot = "";
			targets = (
				D0FFA0402A6860640088F8A8 /* MovieApp */,
				D0FFA0502A6860650088F8A8 /* MovieAppTests */,
			);
		};
/* End PBXProject section */

/* Begin PBXResourcesBuildPhase section */
		D0FFA03F2A6860640088F8A8 /* Resources */ = {
			isa = PBXResourcesBuildPhase;
			buildActionMask = 2147483647;
			files = (
				D0FFA04C2A6860650088F8A8 /* Preview Assets.xcassets in Resources */,
				D0FFA0492A6860650088F8A8 /* Assets.xcassets in Resources */,
			);
			runOnlyForDeploymentPostprocessing = 0;
		};
		D0FFA04F2A6860650088F8A8 /* Resources */ = {
			isa = PBXResourcesBuildPhase;
			buildActionMask = 2147483647;
			files = (
			);
			runOnlyForDeploymentPostprocessing = 0;
		};
/* End PBXResourcesBuildPhase section */

/* Begin PBXSourcesBuildPhase section */
		D0FFA03D2A6860640088F8A8 /* Sources */ = {
			isa = PBXSourcesBuildPhase;
			buildActionMask = 2147483647;
			files = (
				D0FFA0722A6881970088F8A8 /* MovieProvider.swift in Sources */,
				D0FFA07A2A6891EA0088F8A8 /* MovieRow.swift in Sources */,
				D0FFA06F2A6874520088F8A8 /* Movie.swift in Sources */,
				D0FFA0452A6860640088F8A8 /* MovieApp.swift in Sources */,
				D0FFA0742A6881E70088F8A8 /* JSONMovieProvider.swift in Sources */,
				D0FFA07C2A6897260088F8A8 /* MovieListView.swift in Sources */,
				D0FFA07E2A68A5500088F8A8 /* MovieDetailView.swift in Sources */,
			);
			runOnlyForDeploymentPostprocessing = 0;
		};
		D0FFA04D2A6860650088F8A8 /* Sources */ = {
			isa = PBXSourcesBuildPhase;
			buildActionMask = 2147483647;
			files = (
				D0FFA0562A6860650088F8A8 /* MovieAppTests.swift in Sources */,
			);
			runOnlyForDeploymentPostprocessing = 0;
		};
/* End PBXSourcesBuildPhase section */

/* Begin PBXTargetDependency section */
		D0FFA0532A6860650088F8A8 /* PBXTargetDependency */ = {
			isa = PBXTargetDependency;
			target = D0FFA0402A6860640088F8A8 /* MovieApp */;
			targetProxy = D0FFA0522A6860650088F8A8 /* PBXContainerItemProxy */;
		};
/* End PBXTargetDependency section */

/* Begin XCBuildConfiguration section */
		D0FFA0632A6860650088F8A8 /* Debug */ = {
			isa = XCBuildConfiguration;
			buildSettings = {
				ALWAYS_SEARCH_USER_PATHS = NO;
				CLANG_ANALYZER_NONNULL = YES;
				CLANG_ANALYZER_NUMBER_OBJECT_CONVERSION = YES_AGGRESSIVE;
				CLANG_CXX_LANGUAGE_STANDARD = "gnu++20";
				CLANG_ENABLE_MODULES = YES;
				CLANG_ENABLE_OBJC_ARC = YES;
				CLANG_ENABLE_OBJC_WEAK = YES;
				CLANG_WARN_BLOCK_CAPTURE_AUTORELEASING = YES;
				CLANG_WARN_BOOL_CONVERSION = YES;
				CLANG_WARN_COMMA = YES;
				CLANG_WARN_CONSTANT_CONVERSION = YES;
				CLANG_WARN_DEPRECATED_OBJC_IMPLEMENTATIONS = YES;
				CLANG_WARN_DIRECT_OBJC_ISA_USAGE = YES_ERROR;
				CLANG_WARN_DOCUMENTATION_COMMENTS = YES;
				CLANG_WARN_EMPTY_BODY = YES;
				CLANG_WARN_ENUM_CONVERSION = YES;
				CLANG_WARN_INFINITE_RECURSION = YES;
				CLANG_WARN_INT_CONVERSION = YES;
				CLANG_WARN_NON_LITERAL_NULL_CONVERSION = YES;
				CLANG_WARN_OBJC_IMPLICIT_RETAIN_SELF = YES;
				CLANG_WARN_OBJC_LITERAL_CONVERSION = YES;
				CLANG_WARN_OBJC_ROOT_CLASS = YES_ERROR;
				CLANG_WARN_QUOTED_INCLUDE_IN_FRAMEWORK_HEADER = YES;
				CLANG_WARN_RANGE_LOOP_ANALYSIS = YES;
				CLANG_WARN_STRICT_PROTOTYPES = YES;
				CLANG_WARN_SUSPICIOUS_MOVE = YES;
				CLANG_WARN_UNGUARDED_AVAILABILITY = YES_AGGRESSIVE;
				CLANG_WARN_UNREACHABLE_CODE = YES;
				CLANG_WARN__DUPLICATE_METHOD_MATCH = YES;
				COPY_PHASE_STRIP = NO;
				DEBUG_INFORMATION_FORMAT = dwarf;
				ENABLE_STRICT_OBJC_MSGSEND = YES;
				ENABLE_TESTABILITY = YES;
				GCC_C_LANGUAGE_STANDARD = gnu11;
				GCC_DYNAMIC_NO_PIC = NO;
				GCC_NO_COMMON_BLOCKS = YES;
				GCC_OPTIMIZATION_LEVEL = 0;
				GCC_PREPROCESSOR_DEFINITIONS = (
					"DEBUG=1",
					"$(inherited)",
				);
				GCC_WARN_64_TO_32_BIT_CONVERSION = YES;
				GCC_WARN_ABOUT_RETURN_TYPE = YES_ERROR;
				GCC_WARN_UNDECLARED_SELECTOR = YES;
				GCC_WARN_UNINITIALIZED_AUTOS = YES_AGGRESSIVE;
				GCC_WARN_UNUSED_FUNCTION = YES;
				GCC_WARN_UNUSED_VARIABLE = YES;
				IPHONEOS_DEPLOYMENT_TARGET = 16.4;
				MTL_ENABLE_DEBUG_INFO = INCLUDE_SOURCE;
				MTL_FAST_MATH = YES;
				ONLY_ACTIVE_ARCH = YES;
				SDKROOT = iphoneos;
				SWIFT_ACTIVE_COMPILATION_CONDITIONS = DEBUG;
				SWIFT_OPTIMIZATION_LEVEL = "-Onone";
			};
			name = Debug;
		};
		D0FFA0642A6860650088F8A8 /* Release */ = {
			isa = XCBuildConfiguration;
			buildSettings = {
				ALWAYS_SEARCH_USER_PATHS = NO;
				CLANG_ANALYZER_NONNULL = YES;
				CLANG_ANALYZER_NUMBER_OBJECT_CONVERSION = YES_AGGRESSIVE;
				CLANG_CXX_LANGUAGE_STANDARD = "gnu++20";
				CLANG_ENABLE_MODULES = YES;
				CLANG_ENABLE_OBJC_ARC = YES;
				CLANG_ENABLE_OBJC_WEAK = YES;
				CLANG_WARN_BLOCK_CAPTURE_AUTORELEASING = YES;
				CLANG_WARN_BOOL_CONVERSION = YES;
				CLANG_WARN_COMMA = YES;
				CLANG_WARN_CONSTANT_CONVERSION = YES;
				CLANG_WARN_DEPRECATED_OBJC_IMPLEMENTATIONS = YES;
				CLANG_WARN_DIRECT_OBJC_ISA_USAGE = YES_ERROR;
				CLANG_WARN_DOCUMENTATION_COMMENTS = YES;
				CLANG_WARN_EMPTY_BODY = YES;
				CLANG_WARN_ENUM_CONVERSION = YES;
				CLANG_WARN_INFINITE_RECURSION = YES;
				CLANG_WARN_INT_CONVERSION = YES;
				CLANG_WARN_NON_LITERAL_NULL_CONVERSION = YES;
				CLANG_WARN_OBJC_IMPLICIT_RETAIN_SELF = YES;
				CLANG_WARN_OBJC_LITERAL_CONVERSION = YES;
				CLANG_WARN_OBJC_ROOT_CLASS = YES_ERROR;
				CLANG_WARN_QUOTED_INCLUDE_IN_FRAMEWORK_HEADER = YES;
				CLANG_WARN_RANGE_LOOP_ANALYSIS = YES;
				CLANG_WARN_STRICT_PROTOTYPES = YES;
				CLANG_WARN_SUSPICIOUS_MOVE = YES;
				CLANG_WARN_UNGUARDED_AVAILABILITY = YES_AGGRESSIVE;
				CLANG_WARN_UNREACHABLE_CODE = YES;
				CLANG_WARN__DUPLICATE_METHOD_MATCH = YES;
				COPY_PHASE_STRIP = NO;
				DEBUG_INFORMATION_FORMAT = "dwarf-with-dsym";
				ENABLE_NS_ASSERTIONS = NO;
				ENABLE_STRICT_OBJC_MSGSEND = YES;
				GCC_C_LANGUAGE_STANDARD = gnu11;
				GCC_NO_COMMON_BLOCKS = YES;
				GCC_WARN_64_TO_32_BIT_CONVERSION = YES;
				GCC_WARN_ABOUT_RETURN_TYPE = YES_ERROR;
				GCC_WARN_UNDECLARED_SELECTOR = YES;
				GCC_WARN_UNINITIALIZED_AUTOS = YES_AGGRESSIVE;
				GCC_WARN_UNUSED_FUNCTION = YES;
				GCC_WARN_UNUSED_VARIABLE = YES;
				IPHONEOS_DEPLOYMENT_TARGET = 16.4;
				MTL_ENABLE_DEBUG_INFO = NO;
				MTL_FAST_MATH = YES;
				SDKROOT = iphoneos;
				SWIFT_COMPILATION_MODE = wholemodule;
				SWIFT_OPTIMIZATION_LEVEL = "-O";
				VALIDATE_PRODUCT = YES;
			};
			name = Release;
		};
		D0FFA0662A6860650088F8A8 /* Debug */ = {
			isa = XCBuildConfiguration;
			buildSettings = {
				ASSETCATALOG_COMPILER_APPICON_NAME = AppIcon;
				ASSETCATALOG_COMPILER_GLOBAL_ACCENT_COLOR_NAME = AccentColor;
				CODE_SIGN_STYLE = Automatic;
				CURRENT_PROJECT_VERSION = 1;
				DEVELOPMENT_ASSET_PATHS = "\"MovieApp/Preview Content\"";
				DEVELOPMENT_TEAM = 3456PN2W2S;
				ENABLE_PREVIEWS = YES;
				GENERATE_INFOPLIST_FILE = YES;
				INFOPLIST_KEY_UIApplicationSceneManifest_Generation = YES;
				INFOPLIST_KEY_UIApplicationSupportsIndirectInputEvents = YES;
				INFOPLIST_KEY_UILaunchScreen_Generation = YES;
				INFOPLIST_KEY_UISupportedInterfaceOrientations = UIInterfaceOrientationPortrait;
				INFOPLIST_KEY_UISupportedInterfaceOrientations_iPad = "UIInterfaceOrientationLandscapeLeft UIInterfaceOrientationLandscapeRight UIInterfaceOrientationPortrait UIInterfaceOrientationPortraitUpsideDown";
				LD_RUNPATH_SEARCH_PATHS = (
					"$(inherited)",
					"@executable_path/Frameworks",
				);
				MARKETING_VERSION = 1.0;
				PRODUCT_BUNDLE_IDENTIFIER = io.peterwoods.Omada.MovieApp;
				PRODUCT_NAME = "$(TARGET_NAME)";
				SUPPORTED_PLATFORMS = "iphoneos iphonesimulator";
				SUPPORTS_MACCATALYST = NO;
				SUPPORTS_MAC_DESIGNED_FOR_IPHONE_IPAD = YES;
				SWIFT_EMIT_LOC_STRINGS = YES;
				SWIFT_VERSION = 5.0;
				TARGETED_DEVICE_FAMILY = 1;
			};
			name = Debug;
		};
		D0FFA0672A6860650088F8A8 /* Release */ = {
			isa = XCBuildConfiguration;
			buildSettings = {
				ASSETCATALOG_COMPILER_APPICON_NAME = AppIcon;
				ASSETCATALOG_COMPILER_GLOBAL_ACCENT_COLOR_NAME = AccentColor;
				CODE_SIGN_STYLE = Automatic;
				CURRENT_PROJECT_VERSION = 1;
				DEVELOPMENT_ASSET_PATHS = "\"MovieApp/Preview Content\"";
				DEVELOPMENT_TEAM = 3456PN2W2S;
				ENABLE_PREVIEWS = YES;
				GENERATE_INFOPLIST_FILE = YES;
				INFOPLIST_KEY_UIApplicationSceneManifest_Generation = YES;
				INFOPLIST_KEY_UIApplicationSupportsIndirectInputEvents = YES;
				INFOPLIST_KEY_UILaunchScreen_Generation = YES;
				INFOPLIST_KEY_UISupportedInterfaceOrientations = UIInterfaceOrientationPortrait;
				INFOPLIST_KEY_UISupportedInterfaceOrientations_iPad = "UIInterfaceOrientationLandscapeLeft UIInterfaceOrientationLandscapeRight UIInterfaceOrientationPortrait UIInterfaceOrientationPortraitUpsideDown";
				LD_RUNPATH_SEARCH_PATHS = (
					"$(inherited)",
					"@executable_path/Frameworks",
				);
				MARKETING_VERSION = 1.0;
				PRODUCT_BUNDLE_IDENTIFIER = io.peterwoods.Omada.MovieApp;
				PRODUCT_NAME = "$(TARGET_NAME)";
				SUPPORTED_PLATFORMS = "iphoneos iphonesimulator";
				SUPPORTS_MACCATALYST = NO;
				SUPPORTS_MAC_DESIGNED_FOR_IPHONE_IPAD = YES;
				SWIFT_EMIT_LOC_STRINGS = YES;
				SWIFT_VERSION = 5.0;
				TARGETED_DEVICE_FAMILY = 1;
			};
			name = Release;
		};
		D0FFA0692A6860650088F8A8 /* Debug */ = {
			isa = XCBuildConfiguration;
			buildSettings = {
				ALWAYS_EMBED_SWIFT_STANDARD_LIBRARIES = YES;
				BUNDLE_LOADER = "$(TEST_HOST)";
				CODE_SIGN_STYLE = Automatic;
				CURRENT_PROJECT_VERSION = 1;
				DEVELOPMENT_TEAM = 3456PN2W2S;
				GENERATE_INFOPLIST_FILE = YES;
				IPHONEOS_DEPLOYMENT_TARGET = 16.4;
				MARKETING_VERSION = 1.0;
				PRODUCT_BUNDLE_IDENTIFIER = io.peterwoods.Omada.MovieAppTests;
				PRODUCT_NAME = "$(TARGET_NAME)";
				SWIFT_EMIT_LOC_STRINGS = NO;
				SWIFT_VERSION = 5.0;
				TARGETED_DEVICE_FAMILY = "1,2";
				TEST_HOST = "$(BUILT_PRODUCTS_DIR)/MovieApp.app/$(BUNDLE_EXECUTABLE_FOLDER_PATH)/MovieApp";
			};
			name = Debug;
		};
		D0FFA06A2A6860650088F8A8 /* Release */ = {
			isa = XCBuildConfiguration;
			buildSettings = {
				ALWAYS_EMBED_SWIFT_STANDARD_LIBRARIES = YES;
				BUNDLE_LOADER = "$(TEST_HOST)";
				CODE_SIGN_STYLE = Automatic;
				CURRENT_PROJECT_VERSION = 1;
				DEVELOPMENT_TEAM = 3456PN2W2S;
				GENERATE_INFOPLIST_FILE = YES;
				IPHONEOS_DEPLOYMENT_TARGET = 16.4;
				MARKETING_VERSION = 1.0;
				PRODUCT_BUNDLE_IDENTIFIER = io.peterwoods.Omada.MovieAppTests;
				PRODUCT_NAME = "$(TARGET_NAME)";
				SWIFT_EMIT_LOC_STRINGS = NO;
				SWIFT_VERSION = 5.0;
				TARGETED_DEVICE_FAMILY = "1,2";
				TEST_HOST = "$(BUILT_PRODUCTS_DIR)/MovieApp.app/$(BUNDLE_EXECUTABLE_FOLDER_PATH)/MovieApp";
			};
			name = Release;
		};
/* End XCBuildConfiguration section */

/* Begin XCConfigurationList section */
		D0FFA03C2A6860640088F8A8 /* Build configuration list for PBXProject "MovieApp" */ = {
			isa = XCConfigurationList;
			buildConfigurations = (
				D0FFA0632A6860650088F8A8 /* Debug */,
				D0FFA0642A6860650088F8A8 /* Release */,
			);
			defaultConfigurationIsVisible = 0;
			defaultConfigurationName = Release;
		};
		D0FFA0652A6860650088F8A8 /* Build configuration list for PBXNativeTarget "MovieApp" */ = {
			isa = XCConfigurationList;
			buildConfigurations = (
				D0FFA0662A6860650088F8A8 /* Debug */,
				D0FFA0672A6860650088F8A8 /* Release */,
			);
			defaultConfigurationIsVisible = 0;
			defaultConfigurationName = Release;
		};
		D0FFA0682A6860650088F8A8 /* Build configuration list for PBXNativeTarget "MovieAppTests" */ = {
			isa = XCConfigurationList;
			buildConfigurations = (
				D0FFA0692A6860650088F8A8 /* Debug */,
				D0FFA06A2A6860650088F8A8 /* Release */,
			);
			defaultConfigurationIsVisible = 0;
			defaultConfigurationName = Release;
		};
/* End XCConfigurationList section */
	};
	rootObject = D0FFA0392A6860640088F8A8 /* Project object */;
}
